// !$*UTF8*$!
{
	archiveVersion = 1;
	classes = {
	};
	objectVersion = 51;
	objects = {

/* Begin PBXBuildFile section */
		01A4429F5DD0A538E37EEFCD /* PassphrasesService.swift in Sources */ = {isa = PBXBuildFile; fileRef = ABBEAD9D2B4FEFE8D5237275 /* PassphrasesService.swift */; };
		0405C43C69A0C7E3350E1C37 /* LCPError+wrap.swift in Sources */ = {isa = PBXBuildFile; fileRef = A120A39FD1C76930D06B056B /* LCPError+wrap.swift */; };
		05AAAC7967FEDEEC76BCD688 /* User.swift in Sources */ = {isa = PBXBuildFile; fileRef = A0551C935A1950FCDFA79EED /* User.swift */; };
		06CE699691CB139EBBFA57AF /* LicenseValidation.swift in Sources */ = {isa = PBXBuildFile; fileRef = 6EB829CC7EB86611120E8D9A /* LicenseValidation.swift */; };
		09C8194B27A589CF94DEF6A4 /* LCPPassphraseAuthentication.swift in Sources */ = {isa = PBXBuildFile; fileRef = 3A91D75BF13198F6B51CD6D2 /* LCPPassphraseAuthentication.swift */; };
		0AC21FF563729B2F1B3D07D8 /* LCPDialogViewController.xib in Resources */ = {isa = PBXBuildFile; fileRef = 61590B0D09C16B68A2FC1D42 /* LCPDialogViewController.xib */; };
		0C9D8B9DF74642A713653575 /* LCPDialogAuthentication.swift in Sources */ = {isa = PBXBuildFile; fileRef = D9776A2E7ECDCC0F013C6C75 /* LCPDialogAuthentication.swift */; };
		1400F3E6640A6A00B0C9EA7E /* Bundle.swift in Sources */ = {isa = PBXBuildFile; fileRef = F296077D9305374CBB4B5AC9 /* Bundle.swift */; };
		19D7066E849281F05AF4A1BC /* Event.swift in Sources */ = {isa = PBXBuildFile; fileRef = 7725B4D853F5A2924D6F9C02 /* Event.swift */; };
		19F8A56580DC0DF390D54DF9 /* ContentKey.swift in Sources */ = {isa = PBXBuildFile; fileRef = E11618E6412C7867B4C5A4E3 /* ContentKey.swift */; };
		212FF01F02D7884FD427AE08 /* DeviceService.swift in Sources */ = {isa = PBXBuildFile; fileRef = 01DE3CC81DE6667D509B47D9 /* DeviceService.swift */; };
		216C799A1840E6DF63936E21 /* StatusDocument.swift in Sources */ = {isa = PBXBuildFile; fileRef = 7B0BD63D45220CE1C3D22B05 /* StatusDocument.swift */; };
		22FBDE850530C5831FBD9229 /* LCPRenewDelegate.swift in Sources */ = {isa = PBXBuildFile; fileRef = 2210C7A6DD5CB9EBBB4EE3B4 /* LCPRenewDelegate.swift */; };
		301A2021D67586A219094307 /* Links.swift in Sources */ = {isa = PBXBuildFile; fileRef = 74A62B2CEC0630D12039B995 /* Links.swift */; };
		3B673907093DA6B166880FAF /* LicenseContainer.swift in Sources */ = {isa = PBXBuildFile; fileRef = 358620797A0E2277874EA2E7 /* LicenseContainer.swift */; };
		3E80C083D55B6CE9FE3315C3 /* R2LCPLocalizedString.swift in Sources */ = {isa = PBXBuildFile; fileRef = 06650F664FF28F4059FA68A9 /* R2LCPLocalizedString.swift */; };
		4053F7296FDE073CDE0AEEE0 /* ZIPFoundation.xcframework in Frameworks */ = {isa = PBXBuildFile; fileRef = 4609524C2CBBB2DA932FC06C /* ZIPFoundation.xcframework */; };
		4095C909CD4D34147B0FE4A7 /* Fuzi.xcframework in Frameworks */ = {isa = PBXBuildFile; fileRef = EAF65726D62DEFF649810B68 /* Fuzi.xcframework */; };
		45891918D218F190D64AC4BC /* Deferred.swift in Sources */ = {isa = PBXBuildFile; fileRef = 94F1D1ACB346B49C2F522125 /* Deferred.swift */; };
		47EE04C3CC6BC09F7633E4B3 /* License.swift in Sources */ = {isa = PBXBuildFile; fileRef = DFE4E63F92C06FE7A25D2C81 /* License.swift */; };
		49DEB06A9050A386E842B359 /* PassphrasesRepository.swift in Sources */ = {isa = PBXBuildFile; fileRef = B0AF5659A7508939C86DAA5B /* PassphrasesRepository.swift */; };
		514A9F1CE1F9764D57590708 /* Link.swift in Sources */ = {isa = PBXBuildFile; fileRef = CED063E98EF6AA9EAA524503 /* Link.swift */; };
		56018FE0D43AAEAF664FC40C /* LicensesService.swift in Sources */ = {isa = PBXBuildFile; fileRef = 84A80D6110F236FD869BE112 /* LicensesService.swift */; };
		574BC0B66018E9DFA08223E5 /* LCPError.swift in Sources */ = {isa = PBXBuildFile; fileRef = 01EE6D1C1678B975D68E7706 /* LCPError.swift */; };
		5C01B4320A897F5DF824C305 /* LCPLLicenseContainer.swift in Sources */ = {isa = PBXBuildFile; fileRef = AE6C8ED46B655A1E9B897720 /* LCPLLicenseContainer.swift */; };
		5CADC89792F4E51B9160F0DE /* readium-lcp-swift.h in Headers */ = {isa = PBXBuildFile; fileRef = 1C683A7DB0F93542078D5AE6 /* readium-lcp-swift.h */; settings = {ATTRIBUTES = (Public, ); }; };
		5D61CE2C96CB89BFFCB1B84F /* Encryption.swift in Sources */ = {isa = PBXBuildFile; fileRef = 31A7957A35EB45AF44FA4E05 /* Encryption.swift */; };
		62F750906050B4C50FBD086E /* UserKey.swift in Sources */ = {isa = PBXBuildFile; fileRef = 1BEAD66191F5A54F9E84D97F /* UserKey.swift */; };
		66601A3A48B83731106B212E /* R2Shared.xcframework in Frameworks */ = {isa = PBXBuildFile; fileRef = 13BDC26AB08CB2FCDD0BCFEE /* R2Shared.xcframework */; };
		6B46DEE2DCB44B53C33EA92F /* Licenses.swift in Sources */ = {isa = PBXBuildFile; fileRef = 171D747FDD7B683A4500300E /* Licenses.swift */; };
		763084E40DAB7195905FD41A /* Rights.swift in Sources */ = {isa = PBXBuildFile; fileRef = 972B690B92EF2EA901F3F286 /* Rights.swift */; };
		7725576930F1B017BEC9B494 /* CRLService.swift in Sources */ = {isa = PBXBuildFile; fileRef = 93BB00BB4D2C4FCD3465CDDD /* CRLService.swift */; };
		788C854ADF16EBA47F8FA135 /* NetworkService.swift in Sources */ = {isa = PBXBuildFile; fileRef = DAD6D05E0F32B03FB57281EA /* NetworkService.swift */; };
		87E5941839BEF289183575E0 /* Deprecated.swift in Sources */ = {isa = PBXBuildFile; fileRef = D9565D02C29CC10BE3E977FF /* Deprecated.swift */; };
		884EEDC70D71DDE582D0A7C4 /* LCPContentProtection.swift in Sources */ = {isa = PBXBuildFile; fileRef = 179A1DB640457B4E56FDD7A0 /* LCPContentProtection.swift */; };
		8AD315C092C754CE21E1916B /* Connection.swift in Sources */ = {isa = PBXBuildFile; fileRef = B087328B00F8167F6F193A90 /* Connection.swift */; };
		941DAADB4DB4483FDD2CEE72 /* Transactions.swift in Sources */ = {isa = PBXBuildFile; fileRef = 52405983418B95B5C5826EAC /* Transactions.swift */; };
		953E0D7784566744A5A2D47F /* LCPClient.swift in Sources */ = {isa = PBXBuildFile; fileRef = 84E19B9719C71CA92FFCB13E /* LCPClient.swift */; };
		9BCA2875B0A420E3E0BF53DD /* LCPAuthenticating.swift in Sources */ = {isa = PBXBuildFile; fileRef = A6AB6B6CBAE4CA28C09D483C /* LCPAuthenticating.swift */; };
		A9C8081EAB104F963D283F70 /* DataCompression.swift in Sources */ = {isa = PBXBuildFile; fileRef = 09D8C1E486ACF32D0600A70E /* DataCompression.swift */; };
		AFECCE450EFE0258070DABFB /* LCPDecryptor.swift in Sources */ = {isa = PBXBuildFile; fileRef = 0368C24C1ED7FE98D82EE2BD /* LCPDecryptor.swift */; };
		B0FFB34D33B630DCC8BDF8D2 /* Localizable.strings in Resources */ = {isa = PBXBuildFile; fileRef = 7968BD883477BD2B905248A0 /* Localizable.strings */; };
		B46CE4D1353CFE0182DDD2E3 /* SQLite.xcframework in Frameworks */ = {isa = PBXBuildFile; fileRef = A33441CBD145898CEFCA6750 /* SQLite.xcframework */; };
		B83DBE39B28DF48728951397 /* prod-license.lcpl in Resources */ = {isa = PBXBuildFile; fileRef = C24060A5648CC40ADC649E07 /* prod-license.lcpl */; };
		BC72D134BE7B0C7C6354FC8F /* LCPLicense.swift in Sources */ = {isa = PBXBuildFile; fileRef = EE606714D0CBCB08F07855D9 /* LCPLicense.swift */; };
		C0FCF91CAE194A2AD2211E68 /* Database.swift in Sources */ = {isa = PBXBuildFile; fileRef = 4B6D6AFA47B7C0868369417F /* Database.swift */; };
		C38B461144E3355FFB2B2F68 /* DeviceRepository.swift in Sources */ = {isa = PBXBuildFile; fileRef = 04120FFFFAF164542316475D /* DeviceRepository.swift */; };
		C9CE3EF1E43F4B98ACE3962D /* Signature.swift in Sources */ = {isa = PBXBuildFile; fileRef = 4D90E1904A1689CC074E395A /* Signature.swift */; };
		CE0A49F188EEA581C019D1D5 /* CryptoSwift.xcframework in Frameworks */ = {isa = PBXBuildFile; fileRef = F4C94FCC03B8B51448B4A8F6 /* CryptoSwift.xcframework */; };
		CEAAA56E35B20EC36F964165 /* PotentialRights.swift in Sources */ = {isa = PBXBuildFile; fileRef = F0178D516BC2AE7902B148AA /* PotentialRights.swift */; };
		D231109B5D72D4A9197AC10F /* EPUBLicenseContainer.swift in Sources */ = {isa = PBXBuildFile; fileRef = 2C9F247AD70538E735D01D61 /* EPUBLicenseContainer.swift */; };
		D852BE166F6F4881B3347A64 /* LCPService.swift in Sources */ = {isa = PBXBuildFile; fileRef = 687DF71672EFF63AB4C9EE35 /* LCPService.swift */; };
		D8F39E42F885332DAAFD95FB /* LCPDialogViewController.swift in Sources */ = {isa = PBXBuildFile; fileRef = 82D9D9F61AC0BD7E93033444 /* LCPDialogViewController.swift */; };
		D93215E062428C4791F0F63B /* LicenseDocument.swift in Sources */ = {isa = PBXBuildFile; fileRef = FF07CD83DE0E83235C4AF9D6 /* LicenseDocument.swift */; };
		E21239A8487B66BBE32C9A01 /* ReadiumLicenseContainer.swift in Sources */ = {isa = PBXBuildFile; fileRef = 706FBB89B0B1CECA0C8578EE /* ReadiumLicenseContainer.swift */; };
		ED87FCC3A639CCA288CAD746 /* ZIPLicenseContainer.swift in Sources */ = {isa = PBXBuildFile; fileRef = C98ECB7482C242FDBFBBD34F /* ZIPLicenseContainer.swift */; };
		F5536364A4A02E29257E3212 /* Minizip.xcframework in Frameworks */ = {isa = PBXBuildFile; fileRef = E8A52C8FCF6987DD62851BAA /* Minizip.xcframework */; };
		F8160127E8B0D04E9D539534 /* LicensesRepository.swift in Sources */ = {isa = PBXBuildFile; fileRef = 1B79D7738B46E1652CD55197 /* LicensesRepository.swift */; };
		FD981186FC8712686C446AA3 /* LCPAcquisition.swift in Sources */ = {isa = PBXBuildFile; fileRef = 58E2369984EB23F476430BBA /* LCPAcquisition.swift */; };
/* End PBXBuildFile section */

/* Begin PBXFileReference section */
		01DE3CC81DE6667D509B47D9 /* DeviceService.swift */ = {isa = PBXFileReference; lastKnownFileType = sourcecode.swift; path = DeviceService.swift; sourceTree = "<group>"; };
		01EE6D1C1678B975D68E7706 /* LCPError.swift */ = {isa = PBXFileReference; lastKnownFileType = sourcecode.swift; path = LCPError.swift; sourceTree = "<group>"; };
		0368C24C1ED7FE98D82EE2BD /* LCPDecryptor.swift */ = {isa = PBXFileReference; lastKnownFileType = sourcecode.swift; path = LCPDecryptor.swift; sourceTree = "<group>"; };
		04120FFFFAF164542316475D /* DeviceRepository.swift */ = {isa = PBXFileReference; lastKnownFileType = sourcecode.swift; path = DeviceRepository.swift; sourceTree = "<group>"; };
		06650F664FF28F4059FA68A9 /* R2LCPLocalizedString.swift */ = {isa = PBXFileReference; lastKnownFileType = sourcecode.swift; path = R2LCPLocalizedString.swift; sourceTree = "<group>"; };
		09D8C1E486ACF32D0600A70E /* DataCompression.swift */ = {isa = PBXFileReference; lastKnownFileType = sourcecode.swift; path = DataCompression.swift; sourceTree = "<group>"; };
		13BDC26AB08CB2FCDD0BCFEE /* R2Shared.xcframework */ = {isa = PBXFileReference; lastKnownFileType = wrapper.xcframework; name = R2Shared.xcframework; path = Carthage/Build/R2Shared.xcframework; sourceTree = "<group>"; };
		171D747FDD7B683A4500300E /* Licenses.swift */ = {isa = PBXFileReference; lastKnownFileType = sourcecode.swift; path = Licenses.swift; sourceTree = "<group>"; };
		179A1DB640457B4E56FDD7A0 /* LCPContentProtection.swift */ = {isa = PBXFileReference; lastKnownFileType = sourcecode.swift; path = LCPContentProtection.swift; sourceTree = "<group>"; };
		1B79D7738B46E1652CD55197 /* LicensesRepository.swift */ = {isa = PBXFileReference; lastKnownFileType = sourcecode.swift; path = LicensesRepository.swift; sourceTree = "<group>"; };
		1BEAD66191F5A54F9E84D97F /* UserKey.swift */ = {isa = PBXFileReference; lastKnownFileType = sourcecode.swift; path = UserKey.swift; sourceTree = "<group>"; };
		1C683A7DB0F93542078D5AE6 /* readium-lcp-swift.h */ = {isa = PBXFileReference; lastKnownFileType = sourcecode.c.h; path = "readium-lcp-swift.h"; sourceTree = "<group>"; };
		2210C7A6DD5CB9EBBB4EE3B4 /* LCPRenewDelegate.swift */ = {isa = PBXFileReference; lastKnownFileType = sourcecode.swift; path = LCPRenewDelegate.swift; sourceTree = "<group>"; };
		2C9F247AD70538E735D01D61 /* EPUBLicenseContainer.swift */ = {isa = PBXFileReference; lastKnownFileType = sourcecode.swift; path = EPUBLicenseContainer.swift; sourceTree = "<group>"; };
		31A7957A35EB45AF44FA4E05 /* Encryption.swift */ = {isa = PBXFileReference; lastKnownFileType = sourcecode.swift; path = Encryption.swift; sourceTree = "<group>"; };
		358620797A0E2277874EA2E7 /* LicenseContainer.swift */ = {isa = PBXFileReference; lastKnownFileType = sourcecode.swift; path = LicenseContainer.swift; sourceTree = "<group>"; };
		3A91D75BF13198F6B51CD6D2 /* LCPPassphraseAuthentication.swift */ = {isa = PBXFileReference; lastKnownFileType = sourcecode.swift; path = LCPPassphraseAuthentication.swift; sourceTree = "<group>"; };
		4609524C2CBBB2DA932FC06C /* ZIPFoundation.xcframework */ = {isa = PBXFileReference; lastKnownFileType = wrapper.xcframework; name = ZIPFoundation.xcframework; path = Carthage/Build/ZIPFoundation.xcframework; sourceTree = "<group>"; };
		4B6D6AFA47B7C0868369417F /* Database.swift */ = {isa = PBXFileReference; lastKnownFileType = sourcecode.swift; path = Database.swift; sourceTree = "<group>"; };
		4D90E1904A1689CC074E395A /* Signature.swift */ = {isa = PBXFileReference; lastKnownFileType = sourcecode.swift; path = Signature.swift; sourceTree = "<group>"; };
		52405983418B95B5C5826EAC /* Transactions.swift */ = {isa = PBXFileReference; lastKnownFileType = sourcecode.swift; path = Transactions.swift; sourceTree = "<group>"; };
		58E2369984EB23F476430BBA /* LCPAcquisition.swift */ = {isa = PBXFileReference; lastKnownFileType = sourcecode.swift; path = LCPAcquisition.swift; sourceTree = "<group>"; };
		67602117F9101230BAE9EC0B /* r2-lcp-swift.framework */ = {isa = PBXFileReference; explicitFileType = wrapper.framework; includeInIndex = 0; path = "r2-lcp-swift.framework"; sourceTree = BUILT_PRODUCTS_DIR; };
		687DF71672EFF63AB4C9EE35 /* LCPService.swift */ = {isa = PBXFileReference; lastKnownFileType = sourcecode.swift; path = LCPService.swift; sourceTree = "<group>"; };
		6EB829CC7EB86611120E8D9A /* LicenseValidation.swift */ = {isa = PBXFileReference; lastKnownFileType = sourcecode.swift; path = LicenseValidation.swift; sourceTree = "<group>"; };
		706FBB89B0B1CECA0C8578EE /* ReadiumLicenseContainer.swift */ = {isa = PBXFileReference; lastKnownFileType = sourcecode.swift; path = ReadiumLicenseContainer.swift; sourceTree = "<group>"; };
		74A62B2CEC0630D12039B995 /* Links.swift */ = {isa = PBXFileReference; lastKnownFileType = sourcecode.swift; path = Links.swift; sourceTree = "<group>"; };
		7725B4D853F5A2924D6F9C02 /* Event.swift */ = {isa = PBXFileReference; lastKnownFileType = sourcecode.swift; path = Event.swift; sourceTree = "<group>"; };
		7B0BD63D45220CE1C3D22B05 /* StatusDocument.swift */ = {isa = PBXFileReference; lastKnownFileType = sourcecode.swift; path = StatusDocument.swift; sourceTree = "<group>"; };
		82D9D9F61AC0BD7E93033444 /* LCPDialogViewController.swift */ = {isa = PBXFileReference; lastKnownFileType = sourcecode.swift; path = LCPDialogViewController.swift; sourceTree = "<group>"; };
		84A80D6110F236FD869BE112 /* LicensesService.swift */ = {isa = PBXFileReference; lastKnownFileType = sourcecode.swift; path = LicensesService.swift; sourceTree = "<group>"; };
		84E19B9719C71CA92FFCB13E /* LCPClient.swift */ = {isa = PBXFileReference; lastKnownFileType = sourcecode.swift; path = LCPClient.swift; sourceTree = "<group>"; };
		93BB00BB4D2C4FCD3465CDDD /* CRLService.swift */ = {isa = PBXFileReference; lastKnownFileType = sourcecode.swift; path = CRLService.swift; sourceTree = "<group>"; };
		94F1D1ACB346B49C2F522125 /* Deferred.swift */ = {isa = PBXFileReference; lastKnownFileType = sourcecode.swift; path = Deferred.swift; sourceTree = "<group>"; };
		972B690B92EF2EA901F3F286 /* Rights.swift */ = {isa = PBXFileReference; lastKnownFileType = sourcecode.swift; path = Rights.swift; sourceTree = "<group>"; };
		A0551C935A1950FCDFA79EED /* User.swift */ = {isa = PBXFileReference; lastKnownFileType = sourcecode.swift; path = User.swift; sourceTree = "<group>"; };
		A120A39FD1C76930D06B056B /* LCPError+wrap.swift */ = {isa = PBXFileReference; lastKnownFileType = sourcecode.swift; path = "LCPError+wrap.swift"; sourceTree = "<group>"; };
		A33441CBD145898CEFCA6750 /* SQLite.xcframework */ = {isa = PBXFileReference; lastKnownFileType = wrapper.xcframework; name = SQLite.xcframework; path = Carthage/Build/SQLite.xcframework; sourceTree = "<group>"; };
		A6AB6B6CBAE4CA28C09D483C /* LCPAuthenticating.swift */ = {isa = PBXFileReference; lastKnownFileType = sourcecode.swift; path = LCPAuthenticating.swift; sourceTree = "<group>"; };
		ABBEAD9D2B4FEFE8D5237275 /* PassphrasesService.swift */ = {isa = PBXFileReference; lastKnownFileType = sourcecode.swift; path = PassphrasesService.swift; sourceTree = "<group>"; };
		AC9985DB9A750E8863CB0655 /* en */ = {isa = PBXFileReference; lastKnownFileType = text.plist.strings; name = en; path = en.lproj/Localizable.strings; sourceTree = "<group>"; };
		AE6C8ED46B655A1E9B897720 /* LCPLLicenseContainer.swift */ = {isa = PBXFileReference; lastKnownFileType = sourcecode.swift; path = LCPLLicenseContainer.swift; sourceTree = "<group>"; };
		B087328B00F8167F6F193A90 /* Connection.swift */ = {isa = PBXFileReference; lastKnownFileType = sourcecode.swift; path = Connection.swift; sourceTree = "<group>"; };
		B0AF5659A7508939C86DAA5B /* PassphrasesRepository.swift */ = {isa = PBXFileReference; lastKnownFileType = sourcecode.swift; path = PassphrasesRepository.swift; sourceTree = "<group>"; };
		C24060A5648CC40ADC649E07 /* prod-license.lcpl */ = {isa = PBXFileReference; path = "prod-license.lcpl"; sourceTree = "<group>"; };
		C98ECB7482C242FDBFBBD34F /* ZIPLicenseContainer.swift */ = {isa = PBXFileReference; lastKnownFileType = sourcecode.swift; path = ZIPLicenseContainer.swift; sourceTree = "<group>"; };
		CED063E98EF6AA9EAA524503 /* Link.swift */ = {isa = PBXFileReference; lastKnownFileType = sourcecode.swift; path = Link.swift; sourceTree = "<group>"; };
		D9565D02C29CC10BE3E977FF /* Deprecated.swift */ = {isa = PBXFileReference; lastKnownFileType = sourcecode.swift; path = Deprecated.swift; sourceTree = "<group>"; };
		D9776A2E7ECDCC0F013C6C75 /* LCPDialogAuthentication.swift */ = {isa = PBXFileReference; lastKnownFileType = sourcecode.swift; path = LCPDialogAuthentication.swift; sourceTree = "<group>"; };
		DAD6D05E0F32B03FB57281EA /* NetworkService.swift */ = {isa = PBXFileReference; lastKnownFileType = sourcecode.swift; path = NetworkService.swift; sourceTree = "<group>"; };
		DFE4E63F92C06FE7A25D2C81 /* License.swift */ = {isa = PBXFileReference; lastKnownFileType = sourcecode.swift; path = License.swift; sourceTree = "<group>"; };
		E11618E6412C7867B4C5A4E3 /* ContentKey.swift */ = {isa = PBXFileReference; lastKnownFileType = sourcecode.swift; path = ContentKey.swift; sourceTree = "<group>"; };
		E1CC1B2B1A7F396C6A166AD3 /* Base */ = {isa = PBXFileReference; lastKnownFileType = file.xib; name = Base; path = Base.lproj/LCPDialogViewController.xib; sourceTree = "<group>"; };
		E8A52C8FCF6987DD62851BAA /* Minizip.xcframework */ = {isa = PBXFileReference; lastKnownFileType = wrapper.xcframework; name = Minizip.xcframework; path = Carthage/Build/Minizip.xcframework; sourceTree = "<group>"; };
		EAF65726D62DEFF649810B68 /* Fuzi.xcframework */ = {isa = PBXFileReference; lastKnownFileType = wrapper.xcframework; name = Fuzi.xcframework; path = Carthage/Build/Fuzi.xcframework; sourceTree = "<group>"; };
		EE606714D0CBCB08F07855D9 /* LCPLicense.swift */ = {isa = PBXFileReference; lastKnownFileType = sourcecode.swift; path = LCPLicense.swift; sourceTree = "<group>"; };
		F0178D516BC2AE7902B148AA /* PotentialRights.swift */ = {isa = PBXFileReference; lastKnownFileType = sourcecode.swift; path = PotentialRights.swift; sourceTree = "<group>"; };
		F032FA77A5CF565A06800A4D /* Info.plist */ = {isa = PBXFileReference; lastKnownFileType = text.plist; path = Info.plist; sourceTree = "<group>"; };
		F296077D9305374CBB4B5AC9 /* Bundle.swift */ = {isa = PBXFileReference; lastKnownFileType = sourcecode.swift; path = Bundle.swift; sourceTree = "<group>"; };
		F4C94FCC03B8B51448B4A8F6 /* CryptoSwift.xcframework */ = {isa = PBXFileReference; lastKnownFileType = wrapper.xcframework; name = CryptoSwift.xcframework; path = Carthage/Build/CryptoSwift.xcframework; sourceTree = "<group>"; };
		FF07CD83DE0E83235C4AF9D6 /* LicenseDocument.swift */ = {isa = PBXFileReference; lastKnownFileType = sourcecode.swift; path = LicenseDocument.swift; sourceTree = "<group>"; };
/* End PBXFileReference section */

/* Begin PBXFrameworksBuildPhase section */
		D2CD07CD6F1C76226F99D3F2 /* Frameworks */ = {
			isa = PBXFrameworksBuildPhase;
			buildActionMask = 2147483647;
			files = (
				CE0A49F188EEA581C019D1D5 /* CryptoSwift.xcframework in Frameworks */,
				4095C909CD4D34147B0FE4A7 /* Fuzi.xcframework in Frameworks */,
				F5536364A4A02E29257E3212 /* Minizip.xcframework in Frameworks */,
				66601A3A48B83731106B212E /* R2Shared.xcframework in Frameworks */,
				B46CE4D1353CFE0182DDD2E3 /* SQLite.xcframework in Frameworks */,
				4053F7296FDE073CDE0AEEE0 /* ZIPFoundation.xcframework in Frameworks */,
			);
			runOnlyForDeploymentPostprocessing = 0;
		};
/* End PBXFrameworksBuildPhase section */

/* Begin PBXGroup section */
		0BB2FA2F8D667DD6FFAA4893 /* Toolkit */ = {
			isa = PBXGroup;
			children = (
				F296077D9305374CBB4B5AC9 /* Bundle.swift */,
				09D8C1E486ACF32D0600A70E /* DataCompression.swift */,
				94F1D1ACB346B49C2F522125 /* Deferred.swift */,
				06650F664FF28F4059FA68A9 /* R2LCPLocalizedString.swift */,
			);
			path = Toolkit;
			sourceTree = "<group>";
		};
		0BE2DF0B02273CD4489D55D8 /* LCP */ = {
			isa = PBXGroup;
			children = (
				E11618E6412C7867B4C5A4E3 /* ContentKey.swift */,
				31A7957A35EB45AF44FA4E05 /* Encryption.swift */,
				972B690B92EF2EA901F3F286 /* Rights.swift */,
				4D90E1904A1689CC074E395A /* Signature.swift */,
				A0551C935A1950FCDFA79EED /* User.swift */,
				1BEAD66191F5A54F9E84D97F /* UserKey.swift */,
			);
			path = LCP;
			sourceTree = "<group>";
		};
		0FF0E71F1BB683615D9E4832 /* Container */ = {
			isa = PBXGroup;
			children = (
				2C9F247AD70538E735D01D61 /* EPUBLicenseContainer.swift */,
				AE6C8ED46B655A1E9B897720 /* LCPLLicenseContainer.swift */,
				358620797A0E2277874EA2E7 /* LicenseContainer.swift */,
				706FBB89B0B1CECA0C8578EE /* ReadiumLicenseContainer.swift */,
				C98ECB7482C242FDBFBBD34F /* ZIPLicenseContainer.swift */,
			);
			path = Container;
			sourceTree = "<group>";
		};
		285D980D2E0F79A116CC30F5 /* Authentications */ = {
			isa = PBXGroup;
			children = (
				A6AB6B6CBAE4CA28C09D483C /* LCPAuthenticating.swift */,
				D9776A2E7ECDCC0F013C6C75 /* LCPDialogAuthentication.swift */,
				82D9D9F61AC0BD7E93033444 /* LCPDialogViewController.swift */,
				61590B0D09C16B68A2FC1D42 /* LCPDialogViewController.xib */,
				3A91D75BF13198F6B51CD6D2 /* LCPPassphraseAuthentication.swift */,
			);
			path = Authentications;
			sourceTree = "<group>";
		};
		2F6F9CE0D523A5222E427E14 /* Services */ = {
			isa = PBXGroup;
			children = (
				93BB00BB4D2C4FCD3465CDDD /* CRLService.swift */,
				04120FFFFAF164542316475D /* DeviceRepository.swift */,
				01DE3CC81DE6667D509B47D9 /* DeviceService.swift */,
				1B79D7738B46E1652CD55197 /* LicensesRepository.swift */,
				84A80D6110F236FD869BE112 /* LicensesService.swift */,
				DAD6D05E0F32B03FB57281EA /* NetworkService.swift */,
				B0AF5659A7508939C86DAA5B /* PassphrasesRepository.swift */,
				ABBEAD9D2B4FEFE8D5237275 /* PassphrasesService.swift */,
			);
			path = Services;
			sourceTree = "<group>";
		};
		50BF55EB48F6D9FF9E22E95C /* Components */ = {
			isa = PBXGroup;
			children = (
				CED063E98EF6AA9EAA524503 /* Link.swift */,
				74A62B2CEC0630D12039B995 /* Links.swift */,
				0BE2DF0B02273CD4489D55D8 /* LCP */,
				D7A89BB956BE5541857AADE0 /* LSD */,
			);
			path = Components;
			sourceTree = "<group>";
		};
		9A3B4D15A4769130C70EF505 /* Persistence */ = {
			isa = PBXGroup;
			children = (
				B087328B00F8167F6F193A90 /* Connection.swift */,
				4B6D6AFA47B7C0868369417F /* Database.swift */,
				171D747FDD7B683A4500300E /* Licenses.swift */,
				52405983418B95B5C5826EAC /* Transactions.swift */,
			);
			path = Persistence;
			sourceTree = "<group>";
		};
		9C412C975BDD8C68EB359B37 /* Model */ = {
			isa = PBXGroup;
			children = (
				FF07CD83DE0E83235C4AF9D6 /* LicenseDocument.swift */,
				7B0BD63D45220CE1C3D22B05 /* StatusDocument.swift */,
				50BF55EB48F6D9FF9E22E95C /* Components */,
			);
			path = Model;
			sourceTree = "<group>";
		};
		A02008A1D7B0FBEDB990BEF3 /* readium-lcp-swift */ = {
			isa = PBXGroup;
			children = (
				D9565D02C29CC10BE3E977FF /* Deprecated.swift */,
				F032FA77A5CF565A06800A4D /* Info.plist */,
				58E2369984EB23F476430BBA /* LCPAcquisition.swift */,
				84E19B9719C71CA92FFCB13E /* LCPClient.swift */,
				01EE6D1C1678B975D68E7706 /* LCPError.swift */,
				EE606714D0CBCB08F07855D9 /* LCPLicense.swift */,
				2210C7A6DD5CB9EBBB4EE3B4 /* LCPRenewDelegate.swift */,
				687DF71672EFF63AB4C9EE35 /* LCPService.swift */,
				1C683A7DB0F93542078D5AE6 /* readium-lcp-swift.h */,
				285D980D2E0F79A116CC30F5 /* Authentications */,
				D5EBA179416C091C128DA8D8 /* Content Protection */,
				F32CEF2B37E547457C5CB4AA /* License */,
				9A3B4D15A4769130C70EF505 /* Persistence */,
				C7B4DFDEC8D409C5B36BBFDF /* Resources */,
				2F6F9CE0D523A5222E427E14 /* Services */,
				0BB2FA2F8D667DD6FFAA4893 /* Toolkit */,
			);
			path = "readium-lcp-swift";
			sourceTree = "<group>";
		};
		ACF8CF5142801518A1C3C5EE = {
			isa = PBXGroup;
			children = (
				A02008A1D7B0FBEDB990BEF3 /* readium-lcp-swift */,
				CBF14ACBB2C846315D788A87 /* Frameworks */,
				C28408F48E0C51BC7D0DF34C /* Products */,
			);
			sourceTree = "<group>";
		};
		C28408F48E0C51BC7D0DF34C /* Products */ = {
			isa = PBXGroup;
			children = (
				67602117F9101230BAE9EC0B /* r2-lcp-swift.framework */,
			);
			name = Products;
			sourceTree = "<group>";
		};
		C7B4DFDEC8D409C5B36BBFDF /* Resources */ = {
			isa = PBXGroup;
			children = (
				7968BD883477BD2B905248A0 /* Localizable.strings */,
				C24060A5648CC40ADC649E07 /* prod-license.lcpl */,
			);
			path = Resources;
			sourceTree = "<group>";
		};
		CBF14ACBB2C846315D788A87 /* Frameworks */ = {
			isa = PBXGroup;
			children = (
				F4C94FCC03B8B51448B4A8F6 /* CryptoSwift.xcframework */,
				EAF65726D62DEFF649810B68 /* Fuzi.xcframework */,
				E8A52C8FCF6987DD62851BAA /* Minizip.xcframework */,
				13BDC26AB08CB2FCDD0BCFEE /* R2Shared.xcframework */,
				A33441CBD145898CEFCA6750 /* SQLite.xcframework */,
				4609524C2CBBB2DA932FC06C /* ZIPFoundation.xcframework */,
			);
			name = Frameworks;
			sourceTree = "<group>";
		};
		D5EBA179416C091C128DA8D8 /* Content Protection */ = {
			isa = PBXGroup;
			children = (
				179A1DB640457B4E56FDD7A0 /* LCPContentProtection.swift */,
				0368C24C1ED7FE98D82EE2BD /* LCPDecryptor.swift */,
			);
			path = "Content Protection";
			sourceTree = "<group>";
		};
		D7A89BB956BE5541857AADE0 /* LSD */ = {
			isa = PBXGroup;
			children = (
				7725B4D853F5A2924D6F9C02 /* Event.swift */,
				F0178D516BC2AE7902B148AA /* PotentialRights.swift */,
			);
			path = LSD;
			sourceTree = "<group>";
		};
		F32CEF2B37E547457C5CB4AA /* License */ = {
			isa = PBXGroup;
			children = (
				A120A39FD1C76930D06B056B /* LCPError+wrap.swift */,
				DFE4E63F92C06FE7A25D2C81 /* License.swift */,
				6EB829CC7EB86611120E8D9A /* LicenseValidation.swift */,
				0FF0E71F1BB683615D9E4832 /* Container */,
				9C412C975BDD8C68EB359B37 /* Model */,
			);
			path = License;
			sourceTree = "<group>";
		};
/* End PBXGroup section */

/* Begin PBXHeadersBuildPhase section */
		92E837B147D1FE40EB5C996F /* Headers */ = {
			isa = PBXHeadersBuildPhase;
			buildActionMask = 2147483647;
			files = (
				5CADC89792F4E51B9160F0DE /* readium-lcp-swift.h in Headers */,
			);
			runOnlyForDeploymentPostprocessing = 0;
		};
/* End PBXHeadersBuildPhase section */

/* Begin PBXNativeTarget section */
		4E2CB0E9FDD9BFE17B32C5F2 /* r2-lcp-swift */ = {
			isa = PBXNativeTarget;
			buildConfigurationList = FFADF19C05FE25075979D4A2 /* Build configuration list for PBXNativeTarget "r2-lcp-swift" */;
			buildPhases = (
				92E837B147D1FE40EB5C996F /* Headers */,
				595AE3EF8523FA4BD27E6CE9 /* Sources */,
				F75C931B698F8E0CD86E390D /* Resources */,
				D2CD07CD6F1C76226F99D3F2 /* Frameworks */,
			);
			buildRules = (
			);
			dependencies = (
			);
			name = "r2-lcp-swift";
			productName = "r2-lcp-swift";
			productReference = 67602117F9101230BAE9EC0B /* r2-lcp-swift.framework */;
			productType = "com.apple.product-type.framework";
		};
/* End PBXNativeTarget section */

/* Begin PBXProject section */
		48C44539670A2C3578614505 /* Project object */ = {
			isa = PBXProject;
			attributes = {
				LastUpgradeCheck = 1200;
				TargetAttributes = {
				};
			};
			buildConfigurationList = AB8FD9A74741AEF60CF726D7 /* Build configuration list for PBXProject "r2-lcp-swift" */;
			compatibilityVersion = "Xcode 10.0";
			developmentRegion = en;
			hasScannedForEncodings = 0;
			knownRegions = (
				Base,
				en,
			);
			mainGroup = ACF8CF5142801518A1C3C5EE;
			projectDirPath = "";
			projectRoot = "";
			targets = (
				4E2CB0E9FDD9BFE17B32C5F2 /* r2-lcp-swift */,
			);
		};
/* End PBXProject section */

/* Begin PBXResourcesBuildPhase section */
		F75C931B698F8E0CD86E390D /* Resources */ = {
			isa = PBXResourcesBuildPhase;
			buildActionMask = 2147483647;
			files = (
				0AC21FF563729B2F1B3D07D8 /* LCPDialogViewController.xib in Resources */,
				B0FFB34D33B630DCC8BDF8D2 /* Localizable.strings in Resources */,
				B83DBE39B28DF48728951397 /* prod-license.lcpl in Resources */,
			);
			runOnlyForDeploymentPostprocessing = 0;
		};
/* End PBXResourcesBuildPhase section */

/* Begin PBXSourcesBuildPhase section */
		595AE3EF8523FA4BD27E6CE9 /* Sources */ = {
			isa = PBXSourcesBuildPhase;
			buildActionMask = 2147483647;
			files = (
				1400F3E6640A6A00B0C9EA7E /* Bundle.swift in Sources */,
				7725576930F1B017BEC9B494 /* CRLService.swift in Sources */,
				8AD315C092C754CE21E1916B /* Connection.swift in Sources */,
				19F8A56580DC0DF390D54DF9 /* ContentKey.swift in Sources */,
				A9C8081EAB104F963D283F70 /* DataCompression.swift in Sources */,
				C0FCF91CAE194A2AD2211E68 /* Database.swift in Sources */,
				45891918D218F190D64AC4BC /* Deferred.swift in Sources */,
				87E5941839BEF289183575E0 /* Deprecated.swift in Sources */,
				C38B461144E3355FFB2B2F68 /* DeviceRepository.swift in Sources */,
				212FF01F02D7884FD427AE08 /* DeviceService.swift in Sources */,
				D231109B5D72D4A9197AC10F /* EPUBLicenseContainer.swift in Sources */,
				5D61CE2C96CB89BFFCB1B84F /* Encryption.swift in Sources */,
				19D7066E849281F05AF4A1BC /* Event.swift in Sources */,
				FD981186FC8712686C446AA3 /* LCPAcquisition.swift in Sources */,
				9BCA2875B0A420E3E0BF53DD /* LCPAuthenticating.swift in Sources */,
				953E0D7784566744A5A2D47F /* LCPClient.swift in Sources */,
				884EEDC70D71DDE582D0A7C4 /* LCPContentProtection.swift in Sources */,
				AFECCE450EFE0258070DABFB /* LCPDecryptor.swift in Sources */,
				0C9D8B9DF74642A713653575 /* LCPDialogAuthentication.swift in Sources */,
				D8F39E42F885332DAAFD95FB /* LCPDialogViewController.swift in Sources */,
				0405C43C69A0C7E3350E1C37 /* LCPError+wrap.swift in Sources */,
				574BC0B66018E9DFA08223E5 /* LCPError.swift in Sources */,
				5C01B4320A897F5DF824C305 /* LCPLLicenseContainer.swift in Sources */,
				BC72D134BE7B0C7C6354FC8F /* LCPLicense.swift in Sources */,
				09C8194B27A589CF94DEF6A4 /* LCPPassphraseAuthentication.swift in Sources */,
				22FBDE850530C5831FBD9229 /* LCPRenewDelegate.swift in Sources */,
				D852BE166F6F4881B3347A64 /* LCPService.swift in Sources */,
				47EE04C3CC6BC09F7633E4B3 /* License.swift in Sources */,
				3B673907093DA6B166880FAF /* LicenseContainer.swift in Sources */,
				D93215E062428C4791F0F63B /* LicenseDocument.swift in Sources */,
				06CE699691CB139EBBFA57AF /* LicenseValidation.swift in Sources */,
				6B46DEE2DCB44B53C33EA92F /* Licenses.swift in Sources */,
				F8160127E8B0D04E9D539534 /* LicensesRepository.swift in Sources */,
				56018FE0D43AAEAF664FC40C /* LicensesService.swift in Sources */,
				514A9F1CE1F9764D57590708 /* Link.swift in Sources */,
				301A2021D67586A219094307 /* Links.swift in Sources */,
				788C854ADF16EBA47F8FA135 /* NetworkService.swift in Sources */,
				49DEB06A9050A386E842B359 /* PassphrasesRepository.swift in Sources */,
				01A4429F5DD0A538E37EEFCD /* PassphrasesService.swift in Sources */,
				CEAAA56E35B20EC36F964165 /* PotentialRights.swift in Sources */,
				3E80C083D55B6CE9FE3315C3 /* R2LCPLocalizedString.swift in Sources */,
				E21239A8487B66BBE32C9A01 /* ReadiumLicenseContainer.swift in Sources */,
				763084E40DAB7195905FD41A /* Rights.swift in Sources */,
				C9CE3EF1E43F4B98ACE3962D /* Signature.swift in Sources */,
				216C799A1840E6DF63936E21 /* StatusDocument.swift in Sources */,
				941DAADB4DB4483FDD2CEE72 /* Transactions.swift in Sources */,
				05AAAC7967FEDEEC76BCD688 /* User.swift in Sources */,
				62F750906050B4C50FBD086E /* UserKey.swift in Sources */,
				ED87FCC3A639CCA288CAD746 /* ZIPLicenseContainer.swift in Sources */,
			);
			runOnlyForDeploymentPostprocessing = 0;
		};
/* End PBXSourcesBuildPhase section */

/* Begin PBXVariantGroup section */
		61590B0D09C16B68A2FC1D42 /* LCPDialogViewController.xib */ = {
			isa = PBXVariantGroup;
			children = (
				E1CC1B2B1A7F396C6A166AD3 /* Base */,
			);
			name = LCPDialogViewController.xib;
			sourceTree = "<group>";
		};
		7968BD883477BD2B905248A0 /* Localizable.strings */ = {
			isa = PBXVariantGroup;
			children = (
				AC9985DB9A750E8863CB0655 /* en */,
			);
			name = Localizable.strings;
			sourceTree = "<group>";
		};
/* End PBXVariantGroup section */

/* Begin XCBuildConfiguration section */
		4137F36CE932ACC1444160C1 /* Debug */ = {
			isa = XCBuildConfiguration;
			buildSettings = {
				ALWAYS_SEARCH_USER_PATHS = NO;
				CLANG_ANALYZER_NONNULL = YES;
				CLANG_ANALYZER_NUMBER_OBJECT_CONVERSION = YES_AGGRESSIVE;
				CLANG_CXX_LANGUAGE_STANDARD = "gnu++14";
				CLANG_CXX_LIBRARY = "libc++";
				CLANG_ENABLE_MODULES = YES;
				CLANG_ENABLE_OBJC_ARC = YES;
				CLANG_ENABLE_OBJC_WEAK = YES;
				CLANG_WARN_BLOCK_CAPTURE_AUTORELEASING = YES;
				CLANG_WARN_BOOL_CONVERSION = YES;
				CLANG_WARN_COMMA = YES;
				CLANG_WARN_CONSTANT_CONVERSION = YES;
				CLANG_WARN_DEPRECATED_OBJC_IMPLEMENTATIONS = YES;
				CLANG_WARN_DIRECT_OBJC_ISA_USAGE = YES_ERROR;
				CLANG_WARN_DOCUMENTATION_COMMENTS = YES;
				CLANG_WARN_EMPTY_BODY = YES;
				CLANG_WARN_ENUM_CONVERSION = YES;
				CLANG_WARN_INFINITE_RECURSION = YES;
				CLANG_WARN_INT_CONVERSION = YES;
				CLANG_WARN_NON_LITERAL_NULL_CONVERSION = YES;
				CLANG_WARN_OBJC_IMPLICIT_RETAIN_SELF = YES;
				CLANG_WARN_OBJC_LITERAL_CONVERSION = YES;
				CLANG_WARN_OBJC_ROOT_CLASS = YES_ERROR;
				CLANG_WARN_QUOTED_INCLUDE_IN_FRAMEWORK_HEADER = YES;
				CLANG_WARN_RANGE_LOOP_ANALYSIS = YES;
				CLANG_WARN_STRICT_PROTOTYPES = YES;
				CLANG_WARN_SUSPICIOUS_MOVE = YES;
				CLANG_WARN_UNGUARDED_AVAILABILITY = YES_AGGRESSIVE;
				CLANG_WARN_UNREACHABLE_CODE = YES;
				CLANG_WARN__DUPLICATE_METHOD_MATCH = YES;
				COPY_PHASE_STRIP = NO;
				DEBUG_INFORMATION_FORMAT = dwarf;
				ENABLE_STRICT_OBJC_MSGSEND = YES;
				ENABLE_TESTABILITY = YES;
				GCC_C_LANGUAGE_STANDARD = gnu11;
				GCC_DYNAMIC_NO_PIC = NO;
				GCC_NO_COMMON_BLOCKS = YES;
				GCC_OPTIMIZATION_LEVEL = 0;
				GCC_PREPROCESSOR_DEFINITIONS = (
					"$(inherited)",
					"DEBUG=1",
				);
				GCC_WARN_64_TO_32_BIT_CONVERSION = YES;
				GCC_WARN_ABOUT_RETURN_TYPE = YES_ERROR;
				GCC_WARN_UNDECLARED_SELECTOR = YES;
				GCC_WARN_UNINITIALIZED_AUTOS = YES_AGGRESSIVE;
				GCC_WARN_UNUSED_FUNCTION = YES;
				GCC_WARN_UNUSED_VARIABLE = YES;
				MTL_ENABLE_DEBUG_INFO = INCLUDE_SOURCE;
				MTL_FAST_MATH = YES;
				ONLY_ACTIVE_ARCH = YES;
				PRODUCT_NAME = "$(TARGET_NAME)";
				SDKROOT = iphoneos;
				SWIFT_ACTIVE_COMPILATION_CONDITIONS = DEBUG;
				SWIFT_OPTIMIZATION_LEVEL = "-Onone";
				SWIFT_VERSION = 5.0;
			};
			name = Debug;
		};
		8109AB71C527965BEBF146BF /* Release */ = {
			isa = XCBuildConfiguration;
			buildSettings = {
				ALWAYS_SEARCH_USER_PATHS = NO;
				CLANG_ANALYZER_NONNULL = YES;
				CLANG_ANALYZER_NUMBER_OBJECT_CONVERSION = YES_AGGRESSIVE;
				CLANG_CXX_LANGUAGE_STANDARD = "gnu++14";
				CLANG_CXX_LIBRARY = "libc++";
				CLANG_ENABLE_MODULES = YES;
				CLANG_ENABLE_OBJC_ARC = YES;
				CLANG_ENABLE_OBJC_WEAK = YES;
				CLANG_WARN_BLOCK_CAPTURE_AUTORELEASING = YES;
				CLANG_WARN_BOOL_CONVERSION = YES;
				CLANG_WARN_COMMA = YES;
				CLANG_WARN_CONSTANT_CONVERSION = YES;
				CLANG_WARN_DEPRECATED_OBJC_IMPLEMENTATIONS = YES;
				CLANG_WARN_DIRECT_OBJC_ISA_USAGE = YES_ERROR;
				CLANG_WARN_DOCUMENTATION_COMMENTS = YES;
				CLANG_WARN_EMPTY_BODY = YES;
				CLANG_WARN_ENUM_CONVERSION = YES;
				CLANG_WARN_INFINITE_RECURSION = YES;
				CLANG_WARN_INT_CONVERSION = YES;
				CLANG_WARN_NON_LITERAL_NULL_CONVERSION = YES;
				CLANG_WARN_OBJC_IMPLICIT_RETAIN_SELF = YES;
				CLANG_WARN_OBJC_LITERAL_CONVERSION = YES;
				CLANG_WARN_OBJC_ROOT_CLASS = YES_ERROR;
				CLANG_WARN_QUOTED_INCLUDE_IN_FRAMEWORK_HEADER = YES;
				CLANG_WARN_RANGE_LOOP_ANALYSIS = YES;
				CLANG_WARN_STRICT_PROTOTYPES = YES;
				CLANG_WARN_SUSPICIOUS_MOVE = YES;
				CLANG_WARN_UNGUARDED_AVAILABILITY = YES_AGGRESSIVE;
				CLANG_WARN_UNREACHABLE_CODE = YES;
				CLANG_WARN__DUPLICATE_METHOD_MATCH = YES;
				COPY_PHASE_STRIP = NO;
				DEBUG_INFORMATION_FORMAT = "dwarf-with-dsym";
				ENABLE_NS_ASSERTIONS = NO;
				ENABLE_STRICT_OBJC_MSGSEND = YES;
				GCC_C_LANGUAGE_STANDARD = gnu11;
				GCC_NO_COMMON_BLOCKS = YES;
				GCC_WARN_64_TO_32_BIT_CONVERSION = YES;
				GCC_WARN_ABOUT_RETURN_TYPE = YES_ERROR;
				GCC_WARN_UNDECLARED_SELECTOR = YES;
				GCC_WARN_UNINITIALIZED_AUTOS = YES_AGGRESSIVE;
				GCC_WARN_UNUSED_FUNCTION = YES;
				GCC_WARN_UNUSED_VARIABLE = YES;
				MTL_ENABLE_DEBUG_INFO = NO;
				MTL_FAST_MATH = YES;
				PRODUCT_NAME = "$(TARGET_NAME)";
				SDKROOT = iphoneos;
				SWIFT_COMPILATION_MODE = wholemodule;
				SWIFT_OPTIMIZATION_LEVEL = "-O";
				SWIFT_VERSION = 5.0;
			};
			name = Release;
		};
		9B9924D25BDBC4C8AD5EE6B2 /* Release */ = {
			isa = XCBuildConfiguration;
			buildSettings = {
				CODE_SIGN_IDENTITY = "";
				CURRENT_PROJECT_VERSION = 1;
				DEFINES_MODULE = YES;
				DYLIB_COMPATIBILITY_VERSION = 1;
				DYLIB_CURRENT_VERSION = 1;
				DYLIB_INSTALL_NAME_BASE = "@rpath";
				FRAMEWORK_SEARCH_PATHS = (
					"$(inherited)",
					"\"Carthage/Build\"",
				);
				INFOPLIST_FILE = "readium-lcp-swift/Info.plist";
				INSTALL_PATH = "$(LOCAL_LIBRARY_DIR)/Frameworks";
				IPHONEOS_DEPLOYMENT_TARGET = 10.0;
				LD_RUNPATH_SEARCH_PATHS = (
					"$(inherited)",
					"@executable_path/Frameworks",
				);
				LIBRARY_SEARCH_PATHS = "$(PROJECT_DIR)/Carthage";
				PRODUCT_BUNDLE_IDENTIFIER = "org.readium.r2-lcp-swift";
				PRODUCT_NAME = ReadiumLCP;
				SDKROOT = iphoneos;
				SKIP_INSTALL = YES;
				TARGETED_DEVICE_FAMILY = "1,2";
				VERSIONING_SYSTEM = "apple-generic";
			};
			name = Release;
		};
		E086759AB46ECD28646FC506 /* Debug */ = {
			isa = XCBuildConfiguration;
			buildSettings = {
				CODE_SIGN_IDENTITY = "";
				CURRENT_PROJECT_VERSION = 1;
				DEFINES_MODULE = YES;
				DYLIB_COMPATIBILITY_VERSION = 1;
				DYLIB_CURRENT_VERSION = 1;
				DYLIB_INSTALL_NAME_BASE = "@rpath";
				FRAMEWORK_SEARCH_PATHS = (
					"$(inherited)",
					"\"Carthage/Build\"",
				);
				INFOPLIST_FILE = "readium-lcp-swift/Info.plist";
				INSTALL_PATH = "$(LOCAL_LIBRARY_DIR)/Frameworks";
				IPHONEOS_DEPLOYMENT_TARGET = 10.0;
				LD_RUNPATH_SEARCH_PATHS = (
					"$(inherited)",
					"@executable_path/Frameworks",
				);
				LIBRARY_SEARCH_PATHS = "$(PROJECT_DIR)/Carthage";
				PRODUCT_BUNDLE_IDENTIFIER = "org.readium.r2-lcp-swift";
				PRODUCT_NAME = ReadiumLCP;
				SDKROOT = iphoneos;
				SKIP_INSTALL = YES;
				TARGETED_DEVICE_FAMILY = "1,2";
				VERSIONING_SYSTEM = "apple-generic";
			};
			name = Debug;
		};
/* End XCBuildConfiguration section */

/* Begin XCConfigurationList section */
		AB8FD9A74741AEF60CF726D7 /* Build configuration list for PBXProject "r2-lcp-swift" */ = {
			isa = XCConfigurationList;
			buildConfigurations = (
				4137F36CE932ACC1444160C1 /* Debug */,
				8109AB71C527965BEBF146BF /* Release */,
			);
			defaultConfigurationIsVisible = 0;
			defaultConfigurationName = Debug;
		};
		FFADF19C05FE25075979D4A2 /* Build configuration list for PBXNativeTarget "r2-lcp-swift" */ = {
			isa = XCConfigurationList;
			buildConfigurations = (
				E086759AB46ECD28646FC506 /* Debug */,
				9B9924D25BDBC4C8AD5EE6B2 /* Release */,
			);
			defaultConfigurationIsVisible = 0;
			defaultConfigurationName = Debug;
		};
/* End XCConfigurationList section */
	};
	rootObject = 48C44539670A2C3578614505 /* Project object */;
}
